{
  "version": 4,
  "terraform_version": "1.11.2",
  "serial": 29,
  "lineage": "0e067eff-f87f-8128-edb0-419836a8ae84",
  "outputs": {
    "cloud_run_url": {
      "value": "https://ai-agent-b6svnex2ma-uc.a.run.app",
      "type": "string"
    },
    "image_registry": {
      "value": "us-central1-docker.pkg.dev/ai-agentic-2026/ai-agent/app",
      "type": "string"
    },
    "service_account_email": {
      "value": "ai-agent-sa@ai-agentic-2026.iam.gserviceaccount.com",
      "type": "string"
    }
  },
  "resources": [
    {
      "mode": "managed",
      "type": "google_artifact_registry_repository",
      "name": "repo",
      "provider": "provider[\"registry.terraform.io/hashicorp/google\"]",
      "instances": [
        {
          "schema_version": 0,
          "attributes": {
            "cleanup_policies": [],
            "cleanup_policy_dry_run": false,
            "create_time": "2026-06-14T01:20:19.401303Z",
            "description": "",
            "docker_config": [],
            "effective_labels": {
              "goog-terraform-provisioned": "true"
            },
            "format": "DOCKER",
            "id": "projects/ai-agentic-2026/locations/us-central1/repositories/ai-agent",
            "kms_key_name": "",
            "labels": {},
            "location": "us-central1",
            "maven_config": [],
            "mode": "STANDARD_REPOSITORY",
            "name": "ai-agent",
            "project": "ai-agentic-2026",
            "remote_repository_config": [],
            "repository_id": "ai-agent",
            "terraform_labels": {
              "goog-terraform-provisioned": "true"
            },
            "timeouts": null,
            "update_time": "2026-06-14T01:22:33.593409Z",
            "virtual_repository_config": [],
            "vulnerability_scanning_config": [
              {
                "enablement_config": "",
                "enablement_state": "SCANNING_DISABLED",
                "enablement_state_reason": "API containerscanning.googleapis.com is not enabled."
              }
            ]
          },
          "sensitive_attributes": [],
          "private": "eyJlMmJmYjczMC1lY2FhLTExZTYtOGY4OC0zNDM2M2JjN2M0YzAiOnsiY3JlYXRlIjoxMjAwMDAwMDAwMDAwLCJkZWxldGUiOjEyMDAwMDAwMDAwMDAsInVwZGF0ZSI6MTIwMDAwMDAwMDAwMH19",
          "dependencies": [
            "google_project_service.artifact_registry"
          ]
        }
      ]
    },
    {
      "mode": "managed",
      "type": "google_cloud_run_v2_service",
      "name": "app",
      "provider": "provider[\"registry.terraform.io/hashicorp/google\"]",
      "instances": [
        {
          "schema_version": 0,
          "attributes": {
            "annotations": null,
            "binary_authorization": [],
            "build_config": [],
            "client": "",
            "client_version": "",
            "conditions": [
              {
                "execution_reason": "",
                "last_transition_time": "2026-06-14T01:23:40.097851Z",
                "message": "",
                "reason": "",
                "revision_reason": "",
                "severity": "",
                "state": "CONDITION_SUCCEEDED",
                "type": "RoutesReady"
              },
              {
                "execution_reason": "",
                "last_transition_time": "2026-06-14T01:23:27.205660Z",
                "message": "",
                "reason": "",
                "revision_reason": "",
                "severity": "",
                "state": "CONDITION_SUCCEEDED",
                "type": "ConfigurationsReady"
              }
            ],
            "create_time": "2026-06-14T01:23:25.393586Z",
            "creator": "wonhee.lee.ok@gmail.com",
            "custom_audiences": null,
            "delete_time": "",
            "deletion_protection": false,
            "description": "",
            "effective_annotations": {},
            "effective_labels": {
              "goog-terraform-provisioned": "true"
            },
            "etag": "\"CI2FuNEGENDK1rsB/cHJvamVjdHMvYWktYWdlbnRpYy0yMDI2L2xvY2F0aW9ucy91cy1jZW50cmFsMS9zZXJ2aWNlcy9haS1hZ2VudA\"",
            "expire_time": "",
            "generation": "1",
            "id": "projects/ai-agentic-2026/locations/us-central1/services/ai-agent",
            "ingress": "INGRESS_TRAFFIC_ALL",
            "invoker_iam_disabled": false,
            "labels": null,
            "last_modifier": "wonhee.lee.ok@gmail.com",
            "latest_created_revision": "projects/ai-agentic-2026/locations/us-central1/services/ai-agent/revisions/ai-agent-00001-xpn",
            "latest_ready_revision": "projects/ai-agentic-2026/locations/us-central1/services/ai-agent/revisions/ai-agent-00001-xpn",
            "launch_stage": "GA",
            "location": "us-central1",
            "name": "ai-agent",
            "observed_generation": "1",
            "project": "ai-agentic-2026",
            "reconciling": false,
            "scaling": [
              {
                "manual_instance_count": 0,
                "min_instance_count": 0,
                "scaling_mode": ""
              }
            ],
            "template": [
              {
                "annotations": null,
                "containers": [
                  {
                    "args": null,
                    "base_image_uri": "",
                    "build_info": [],
                    "command": null,
                    "depends_on": null,
                    "env": [
                      {
                        "name": "GCP_PROJECT_ID",
                        "value": "ai-agentic-2026",
                        "value_source": []
                      },
                      {
                        "name": "GCP_REGION",
                        "value": "us-central1",
                        "value_source": []
                      },
                      {
                        "name": "GEMINI_MODEL",
                        "value": "gemini-2.5-flash",
                        "value_source": []
                      },
                      {
                        "name": "GOOGLE_CLOUD_LOCATION",
                        "value": "us-central1",
                        "value_source": []
                      },
                      {
                        "name": "GOOGLE_CLOUD_PROJECT",
                        "value": "ai-agentic-2026",
                        "value_source": []
                      },
                      {
                        "name": "GOOGLE_GENAI_USE_VERTEXAI",
                        "value": "true",
                        "value_source": []
                      }
                    ],
                    "image": "us-central1-docker.pkg.dev/ai-agentic-2026/ai-agent/app:latest",
                    "liveness_probe": [],
                    "name": "",
                    "ports": [
                      {
                        "container_port": 8080,
                        "name": "http1"
                      }
                    ],
                    "resources": [
                      {
                        "cpu_idle": false,
                        "limits": {
                          "cpu": "1",
                          "memory": "1Gi"
                        },
                        "startup_cpu_boost": false
                      }
                    ],
                    "startup_probe": [
                      {
                        "failure_threshold": 5,
                        "grpc": [],
                        "http_get": [
                          {
                            "http_headers": [],
                            "path": "/_stcore/health",
                            "port": 8080
                          }
                        ],
                        "initial_delay_seconds": 10,
                        "period_seconds": 10,
                        "tcp_socket": [],
                        "timeout_seconds": 5
                      }
                    ],
                    "volume_mounts": [],
                    "working_dir": ""
                  }
                ],
                "encryption_key": "",
                "execution_environment": "",
                "gpu_zonal_redundancy_disabled": false,
                "labels": null,
                "max_instance_request_concurrency": 80,
                "node_selector": [],
                "revision": "",
                "scaling": [
                  {
                    "max_instance_count": 3,
                    "min_instance_count": 0
                  }
                ],
                "service_account": "ai-agent-sa@ai-agentic-2026.iam.gserviceaccount.com",
                "session_affinity": false,
                "timeout": "300s",
                "volumes": [],
                "vpc_access": []
              }
            ],
            "terminal_condition": [
              {
                "execution_reason": "",
                "last_transition_time": "2026-06-14T01:23:40.144872Z",
                "message": "",
                "reason": "",
                "revision_reason": "",
                "severity": "",
                "state": "CONDITION_SUCCEEDED",
                "type": "Ready"
              }
            ],
            "terraform_labels": {
              "goog-terraform-provisioned": "true"
            },
            "timeouts": null,
            "traffic": [
              {
                "percent": 100,
                "revision": "",
                "tag": "",
                "type": "TRAFFIC_TARGET_ALLOCATION_TYPE_LATEST"
              }
            ],
            "traffic_statuses": [
              {
                "percent": 100,
                "revision": "",
                "tag": "",
                "type": "TRAFFIC_TARGET_ALLOCATION_TYPE_LATEST",
                "uri": ""
              }
            ],
            "uid": "8f9fcc04-42f8-436d-a2eb-a76d52259cb1",
            "update_time": "2026-06-14T01:23:25.393586Z",
            "uri": "https://ai-agent-b6svnex2ma-uc.a.run.app",
            "urls": [
              "https://ai-agent-1004402056084.us-central1.run.app",
              "https://ai-agent-b6svnex2ma-uc.a.run.app"
            ]
          },
          "sensitive_attributes": [],
          "private": "eyJlMmJmYjczMC1lY2FhLTExZTYtOGY4OC0zNDM2M2JjN2M0YzAiOnsiY3JlYXRlIjoxMjAwMDAwMDAwMDAwLCJkZWxldGUiOjEyMDAwMDAwMDAwMDAsInVwZGF0ZSI6MTIwMDAwMDAwMDAwMH19",
          "dependencies": [
            "google_artifact_registry_repository.repo",
            "google_project_service.artifact_registry",
            "google_service_account.app_sa"
          ]
        }
      ]
    },
    {
      "mode": "managed",
      "type": "google_cloud_run_v2_service_iam_member",
      "name": "public",
      "provider": "provider[\"registry.terraform.io/hashicorp/google\"]",
      "instances": [
        {
          "schema_version": 0,
          "attributes": {
            "condition": [],
            "etag": "BwZULI+8Zi4=",
            "id": "projects/ai-agentic-2026/locations/us-central1/services/ai-agent/roles/run.invoker/allUsers",
            "location": "us-central1",
            "member": "allUsers",
            "name": "projects/ai-agentic-2026/locations/us-central1/services/ai-agent",
            "project": "ai-agentic-2026",
            "role": "roles/run.invoker"
          },
          "sensitive_attributes": [],
          "private": "bnVsbA==",
          "dependencies": [
            "google_artifact_registry_repository.repo",
            "google_cloud_run_v2_service.app",
            "google_project_service.artifact_registry",
            "google_service_account.app_sa"
          ]
        }
      ]
    },
    {
      "mode": "managed",
      "type": "google_project_iam_member",
      "name": "sa_iam_viewer",
      "provider": "provider[\"registry.terraform.io/hashicorp/google\"]",
      "instances": [
        {
          "schema_version": 0,
          "attributes": {
            "condition": [],
            "etag": "BwZULI6tFC4=",
            "id": "ai-agentic-2026/roles/iam.securityReviewer/serviceAccount:ai-agent-sa@ai-agentic-2026.iam.gserviceaccount.com",
            "member": "serviceAccount:ai-agent-sa@ai-agentic-2026.iam.gserviceaccount.com",
            "project": "ai-agentic-2026",
            "role": "roles/iam.securityReviewer"
          },
          "sensitive_attributes": [],
          "private": "bnVsbA==",
          "dependencies": [
            "google_service_account.app_sa"
          ]
        }
      ]
    },
    {
      "mode": "managed",
      "type": "google_project_iam_member",
      "name": "sa_sa_viewer",
      "provider": "provider[\"registry.terraform.io/hashicorp/google\"]",
      "instances": [
        {
          "schema_version": 0,
          "attributes": {
            "condition": [],
            "etag": "BwZULI6tFC4=",
            "id": "ai-agentic-2026/roles/iam.serviceAccountViewer/serviceAccount:ai-agent-sa@ai-agentic-2026.iam.gserviceaccount.com",
            "member": "serviceAccount:ai-agent-sa@ai-agentic-2026.iam.gserviceaccount.com",
            "project": "ai-agentic-2026",
            "role": "roles/iam.serviceAccountViewer"
          },
          "sensitive_attributes": [],
          "private": "bnVsbA==",
          "dependencies": [
            "google_service_account.app_sa"
          ]
        }
      ]
    },
    {
      "mode": "managed",
      "type": "google_project_iam_member",
      "name": "sa_vertex_user",
      "provider": "provider[\"registry.terraform.io/hashicorp/google\"]",
      "instances": [
        {
          "schema_version": 0,
          "attributes": {
            "condition": [],
            "etag": "BwZULI6tFC4=",
            "id": "ai-agentic-2026/roles/aiplatform.user/serviceAccount:ai-agent-sa@ai-agentic-2026.iam.gserviceaccount.com",
            "member": "serviceAccount:ai-agent-sa@ai-agentic-2026.iam.gserviceaccount.com",
            "project": "ai-agentic-2026",
            "role": "roles/aiplatform.user"
          },
          "sensitive_attributes": [],
          "private": "bnVsbA==",
          "dependencies": [
            "google_service_account.app_sa"
          ]
        }
      ]
    },
    {
      "mode": "managed",
      "type": "google_project_service",
      "name": "artifact_registry",
      "provider": "provider[\"registry.terraform.io/hashicorp/google\"]",
      "instances": [
        {
          "schema_version": 0,
          "attributes": {
            "disable_dependent_services": null,
            "disable_on_destroy": false,
            "id": "ai-agentic-2026/artifactregistry.googleapis.com",
            "project": "ai-agentic-2026",
            "service": "artifactregistry.googleapis.com",
            "timeouts": null
          },
          "sensitive_attributes": [],
          "private": "eyJlMmJmYjczMC1lY2FhLTExZTYtOGY4OC0zNDM2M2JjN2M0YzAiOnsiY3JlYXRlIjoxMjAwMDAwMDAwMDAwLCJkZWxldGUiOjEyMDAwMDAwMDAwMDAsInJlYWQiOjYwMDAwMDAwMDAwMCwidXBkYXRlIjoxMjAwMDAwMDAwMDAwfX0="
        }
      ]
    },
    {
      "mode": "managed",
      "type": "google_service_account",
      "name": "app_sa",
      "provider": "provider[\"registry.terraform.io/hashicorp/google\"]",
      "instances": [
        {
          "schema_version": 0,
          "attributes": {
            "account_id": "ai-agent-sa",
            "create_ignore_already_exists": null,
            "description": "",
            "disabled": false,
            "display_name": "AI Agent App Service Account",
            "email": "ai-agent-sa@ai-agentic-2026.iam.gserviceaccount.com",
            "id": "projects/ai-agentic-2026/serviceAccounts/ai-agent-sa@ai-agentic-2026.iam.gserviceaccount.com",
            "member": "serviceAccount:ai-agent-sa@ai-agentic-2026.iam.gserviceaccount.com",
            "name": "projects/ai-agentic-2026/serviceAccounts/ai-agent-sa@ai-agentic-2026.iam.gserviceaccount.com",
            "project": "ai-agentic-2026",
            "timeouts": null,
            "unique_id": "116398496664596337960"
          },
          "sensitive_attributes": [],
          "private": "eyJlMmJmYjczMC1lY2FhLTExZTYtOGY4OC0zNDM2M2JjN2M0YzAiOnsiY3JlYXRlIjozMDAwMDAwMDAwMDB9fQ=="
        }
      ]
    }
  ],
  "check_results": null
}
